
Microsoft Visual Studio Solution File, Format Version 12.00
# Visual Studio Version 17
VisualStudioVersion = 17.4.33122.133
MinimumVisualStudioVersion = 10.0.40219.1
Project("{FAE04EC0-301F-11D3-BF4B-00C04F79EFBC}") = "ProxyDesignPattern", "ProxyDesignPattern.csproj", "{4FF98AA5-7112-4459-9450-798C913ACBA5}"
EndProject
Global
	GlobalSection(SolutionConfigurationPlatforms) = preSolution
		Debug|Any CPU = Debug|Any CPU
		Release|Any CPU = Release|Any CPU
	EndGlobalSection
	GlobalSection(ProjectConfigurationPlatforms) = postSolution
		{4FF98AA5-7112-4459-9450-798C913ACBA5}.Debug|Any CPU.ActiveCfg = Debug|Any CPU
		{4FF98AA5-7112-4459-9450-798C913ACBA5}.Debug|Any CPU.Build.0 = Debug|Any CPU
		{4FF98AA5-7112-4459-9450-798C913ACBA5}.Release|Any CPU.ActiveCfg = Release|Any CPU
		{4FF98AA5-7112-4459-9450-798C913ACBA5}.Release|Any CPU.Build.0 = Release|Any CPU
	EndGlobalSection
	GlobalSection(SolutionProperties) = preSolution
		HideSolutionNode = FALSE
	EndGlobalSection
	GlobalSection(ExtensibilityGlobals) = postSolution
		SolutionGuid = {E077FCE9-B736-4023-8318-A56BD51F55D5}
	EndGlobalSection
EndGlobal
